
Microsoft Visual Studio Solution File, Format Version 12.00
# Visual Studio Version 16
VisualStudioVersion = 16.0.809.6
MinimumVisualStudioVersion = 10.0.40219.1
Project("{FAE04EC0-301F-11D3-BF4B-00C04F79EFBC}") = "AbstractFactory", "AbstractFactory.csproj", "{458389A5-5FB3-47C9-83EC-DDB068585669}"
EndProject
Project("{FAE04EC0-301F-11D3-BF4B-00C04F79EFBC}") = "AbstractFactoryTest", "..\AbstractFactoryTest\AbstractFactoryTest.csproj", "{D76415BF-C0BC-4C1D-9238-7ADA20907FBA}"
EndProject
Global
	GlobalSection(SolutionConfigurationPlatforms) = preSolution
		Debug|Any CPU = Debug|Any CPU
		Release|Any CPU = Release|Any CPU
	EndGlobalSection
	GlobalSection(ProjectConfigurationPlatforms) = postSolution
		{458389A5-5FB3-47C9-83EC-DDB068585669}.Debug|Any CPU.ActiveCfg = Debug|Any CPU
		{458389A5-5FB3-47C9-83EC-DDB068585669}.Debug|Any CPU.Build.0 = Debug|Any CPU
		{458389A5-5FB3-47C9-83EC-DDB068585669}.Release|Any CPU.ActiveCfg = Release|Any CPU
		{458389A5-5FB3-47C9-83EC-DDB068585669}.Release|Any CPU.Build.0 = Release|Any CPU
		{D76415BF-C0BC-4C1D-9238-7ADA20907FBA}.Debug|Any CPU.ActiveCfg = Debug|Any CPU
		{D76415BF-C0BC-4C1D-9238-7ADA20907FBA}.Debug|Any CPU.Build.0 = Debug|Any CPU
		{D76415BF-C0BC-4C1D-9238-7ADA20907FBA}.Release|Any CPU.ActiveCfg = Release|Any CPU
		{D76415BF-C0BC-4C1D-9238-7ADA20907FBA}.Release|Any CPU.Build.0 = Release|Any CPU
	EndGlobalSection
	GlobalSection(SolutionProperties) = preSolution
		HideSolutionNode = FALSE
	EndGlobalSection
	GlobalSection(ExtensibilityGlobals) = postSolution
		SolutionGuid = {7B2F0AF4-3D96-45A9-ADB1-03ECE6BD6821}
	EndGlobalSection
EndGlobal
